
Microsoft Visual Studio Solution File, Format Version 12.00
# Visual Studio 15
VisualStudioVersion = 15.0.27004.2002
MinimumVisualStudioVersion = 10.0.40219.1
Project("{9A19103F-16F7-4668-BE54-9A1E7A4F7556}") = "ClientUI", "ClientUI\ClientUI.csproj", "{EA9AC1D9-F1FD-4FCB-9F66-F099C865EE5A}"
EndProject
Project("{9A19103F-16F7-4668-BE54-9A1E7A4F7556}") = "Retail", "Retail\Retail.csproj", "{B745EDB6-B108-40B6-AB9F-93F7AE17DDD2}"
EndProject
Project("{9A19103F-16F7-4668-BE54-9A1E7A4F7556}") = "Warehouse", "Warehouse\Warehouse.csproj", "{20398BF0-B3D4-4A1F-8688-EEDED1DC965E}"
EndProject
Project("{9A19103F-16F7-4668-BE54-9A1E7A4F7556}") = "ShoppingSystem_Entities", "ShoppingSystem_Entities\ShoppingSystem_Entities.csproj", "{701C933B-D04B-4129-8AB0-6257C24022B2}"
EndProject
Project("{9A19103F-16F7-4668-BE54-9A1E7A4F7556}") = "Coordinator_RetailToWarehouse", "Coordinator_RetailToWarehouse\Coordinator_RetailToWarehouse.csproj", "{515E6A86-1493-4B79-9AB8-3BCCCF603E8A}"
EndProject
Project("{9A19103F-16F7-4668-BE54-9A1E7A4F7556}") = "Checkout", "Checkout\Checkout.csproj", "{5AD1A905-894B-4EFE-B04A-F6DB5ABC83A2}"
EndProject
Project("{9A19103F-16F7-4668-BE54-9A1E7A4F7556}") = "Basket", "Basket\Basket.csproj", "{E2D3E34F-A75E-4604-85BC-AD606A302916}"
EndProject
Project("{9A19103F-16F7-4668-BE54-9A1E7A4F7556}") = "MultipleWarehouses", "MultipleWarehouses\MultipleWarehouses.csproj", "{8DBBE46C-88FD-439F-9159-2C9547F30195}"
EndProject
Project("{FAE04EC0-301F-11D3-BF4B-00C04F79EFBC}") = "OLDWareHouseController", "WareHouseController\OLDWareHouseController.csproj", "{7BC0BEB8-8754-48AF-90D1-E722E1809692}"
EndProject
Project("{9A19103F-16F7-4668-BE54-9A1E7A4F7556}") = "Monitoring", "Monitoring\Monitoring.csproj", "{FF974C43-BC95-41BF-A968-3F8304472FE4}"
EndProject
Project("{FAE04EC0-301F-11D3-BF4B-00C04F79EFBC}") = "NewTheWareHouseController", "NewTheWareHouseController\NewTheWareHouseController.csproj", "{8599070F-9A45-459C-B087-F2B0078AD519}"
EndProject
Global
	GlobalSection(SolutionConfigurationPlatforms) = preSolution
		Debug|Any CPU = Debug|Any CPU
		Release|Any CPU = Release|Any CPU
	EndGlobalSection
	GlobalSection(ProjectConfigurationPlatforms) = postSolution
		{EA9AC1D9-F1FD-4FCB-9F66-F099C865EE5A}.Debug|Any CPU.ActiveCfg = Debug|Any CPU
		{EA9AC1D9-F1FD-4FCB-9F66-F099C865EE5A}.Debug|Any CPU.Build.0 = Debug|Any CPU
		{EA9AC1D9-F1FD-4FCB-9F66-F099C865EE5A}.Release|Any CPU.ActiveCfg = Release|Any CPU
		{EA9AC1D9-F1FD-4FCB-9F66-F099C865EE5A}.Release|Any CPU.Build.0 = Release|Any CPU
		{B745EDB6-B108-40B6-AB9F-93F7AE17DDD2}.Debug|Any CPU.ActiveCfg = Debug|Any CPU
		{B745EDB6-B108-40B6-AB9F-93F7AE17DDD2}.Debug|Any CPU.Build.0 = Debug|Any CPU
		{B745EDB6-B108-40B6-AB9F-93F7AE17DDD2}.Release|Any CPU.ActiveCfg = Release|Any CPU
		{B745EDB6-B108-40B6-AB9F-93F7AE17DDD2}.Release|Any CPU.Build.0 = Release|Any CPU
		{20398BF0-B3D4-4A1F-8688-EEDED1DC965E}.Debug|Any CPU.ActiveCfg = Debug|Any CPU
		{20398BF0-B3D4-4A1F-8688-EEDED1DC965E}.Debug|Any CPU.Build.0 = Debug|Any CPU
		{20398BF0-B3D4-4A1F-8688-EEDED1DC965E}.Release|Any CPU.ActiveCfg = Release|Any CPU
		{20398BF0-B3D4-4A1F-8688-EEDED1DC965E}.Release|Any CPU.Build.0 = Release|Any CPU
		{701C933B-D04B-4129-8AB0-6257C24022B2}.Debug|Any CPU.ActiveCfg = Debug|Any CPU
		{701C933B-D04B-4129-8AB0-6257C24022B2}.Debug|Any CPU.Build.0 = Debug|Any CPU
		{701C933B-D04B-4129-8AB0-6257C24022B2}.Release|Any CPU.ActiveCfg = Release|Any CPU
		{701C933B-D04B-4129-8AB0-6257C24022B2}.Release|Any CPU.Build.0 = Release|Any CPU
		{515E6A86-1493-4B79-9AB8-3BCCCF603E8A}.Debug|Any CPU.ActiveCfg = Debug|Any CPU
		{515E6A86-1493-4B79-9AB8-3BCCCF603E8A}.Debug|Any CPU.Build.0 = Debug|Any CPU
		{515E6A86-1493-4B79-9AB8-3BCCCF603E8A}.Release|Any CPU.ActiveCfg = Release|Any CPU
		{515E6A86-1493-4B79-9AB8-3BCCCF603E8A}.Release|Any CPU.Build.0 = Release|Any CPU
		{5AD1A905-894B-4EFE-B04A-F6DB5ABC83A2}.Debug|Any CPU.ActiveCfg = Debug|Any CPU
		{5AD1A905-894B-4EFE-B04A-F6DB5ABC83A2}.Debug|Any CPU.Build.0 = Debug|Any CPU
		{5AD1A905-894B-4EFE-B04A-F6DB5ABC83A2}.Release|Any CPU.ActiveCfg = Release|Any CPU
		{5AD1A905-894B-4EFE-B04A-F6DB5ABC83A2}.Release|Any CPU.Build.0 = Release|Any CPU
		{E2D3E34F-A75E-4604-85BC-AD606A302916}.Debug|Any CPU.ActiveCfg = Debug|Any CPU
		{E2D3E34F-A75E-4604-85BC-AD606A302916}.Debug|Any CPU.Build.0 = Debug|Any CPU
		{E2D3E34F-A75E-4604-85BC-AD606A302916}.Release|Any CPU.ActiveCfg = Release|Any CPU
		{E2D3E34F-A75E-4604-85BC-AD606A302916}.Release|Any CPU.Build.0 = Release|Any CPU
		{8DBBE46C-88FD-439F-9159-2C9547F30195}.Debug|Any CPU.ActiveCfg = Debug|Any CPU
		{8DBBE46C-88FD-439F-9159-2C9547F30195}.Debug|Any CPU.Build.0 = Debug|Any CPU
		{8DBBE46C-88FD-439F-9159-2C9547F30195}.Release|Any CPU.ActiveCfg = Release|Any CPU
		{8DBBE46C-88FD-439F-9159-2C9547F30195}.Release|Any CPU.Build.0 = Release|Any CPU
		{7BC0BEB8-8754-48AF-90D1-E722E1809692}.Debug|Any CPU.ActiveCfg = Debug|Any CPU
		{7BC0BEB8-8754-48AF-90D1-E722E1809692}.Debug|Any CPU.Build.0 = Debug|Any CPU
		{7BC0BEB8-8754-48AF-90D1-E722E1809692}.Release|Any CPU.ActiveCfg = Release|Any CPU
		{7BC0BEB8-8754-48AF-90D1-E722E1809692}.Release|Any CPU.Build.0 = Release|Any CPU
		{FF974C43-BC95-41BF-A968-3F8304472FE4}.Debug|Any CPU.ActiveCfg = Debug|Any CPU
		{FF974C43-BC95-41BF-A968-3F8304472FE4}.Debug|Any CPU.Build.0 = Debug|Any CPU
		{FF974C43-BC95-41BF-A968-3F8304472FE4}.Release|Any CPU.ActiveCfg = Release|Any CPU
		{FF974C43-BC95-41BF-A968-3F8304472FE4}.Release|Any CPU.Build.0 = Release|Any CPU
		{8599070F-9A45-459C-B087-F2B0078AD519}.Debug|Any CPU.ActiveCfg = Debug|Any CPU
		{8599070F-9A45-459C-B087-F2B0078AD519}.Debug|Any CPU.Build.0 = Debug|Any CPU
		{8599070F-9A45-459C-B087-F2B0078AD519}.Release|Any CPU.ActiveCfg = Release|Any CPU
		{8599070F-9A45-459C-B087-F2B0078AD519}.Release|Any CPU.Build.0 = Release|Any CPU
	EndGlobalSection
	GlobalSection(SolutionProperties) = preSolution
		HideSolutionNode = FALSE
	EndGlobalSection
	GlobalSection(ExtensibilityGlobals) = postSolution
		SolutionGuid = {3D22E51A-EE42-43D6-B193-4942C414D418}
	EndGlobalSection
EndGlobal
